# THIS IS AN AUTOGENERATED FILE. DO NOT EDIT THIS FILE DIRECTLY.
# yarn lockfile v1


"@material/material-color-utilities@^0.1.2":
  version "0.1.2"
  resolved "https://registry.yarnpkg.com/@material/material-color-utilities/-/material-color-utilities-0.1.2.tgz#2b85caaa3ab17408ddb7e586d6ae339e1f140175"
  integrity sha512-uKkkx7Xo1AZJR0eMjH902rAb0vEjDbb3tgXt0cC3SHbpDGkPNhkuDKtxnw147axOM6uKuI7vywHRQlDrjDGhCA==
